<?xml version="1.0" encoding="utf-8"?>
<Project ToolsVersion="4.0" xmlns="http://schemas.microsoft.com/developer/msbuild/2003">
  <ItemGroup>
    <Filter Include="Source Files">
      <UniqueIdentifier>{4FC737F1-C7A5-4376-A066-2A32D752A2FF}</UniqueIdentifier>
      <Extensions>cpp;c;cc;cxx;c++;cppm;ixx;def;odl;idl;hpj;bat;asm;asmx</Extensions>
    </Filter>
    <Filter Include="Header Files">
      <UniqueIdentifier>{93995380-89BD-4b04-88EB-625FBE52EBFB}</UniqueIdentifier>
      <Extensions>h;hh;hpp;hxx;h++;hm;inl;inc;ipp;xsd</Extensions>
    </Filter>
    <Filter Include="Resource Files">
      <UniqueIdentifier>{67DA6AB6-F800-4c08-8B7A-83BB121AAD01}</UniqueIdentifier>
      <Extensions>rc;ico;cur;bmp;dlg;rc2;rct;bin;rgs;gif;jpg;jpeg;jpe;resx;tiff;tif;png;wav;mfcribbon-ms</Extensions>
    </Filter>
    <Filter Include="shaders">
      <UniqueIdentifier>{dccf9336-9aa8-47cb-8d5d-82aeb64b6adc}</UniqueIdentifier>
    </Filter>
    <Filter Include="myHelper">
      <UniqueIdentifier>{3c860897-fc9f-4522-ad8b-fc1d7ab42640}</UniqueIdentifier>
    </Filter>
    <Filter Include="imgui">
      <UniqueIdentifier>{220d6497-dd20-446c-b16e-008b74b58b7b}</UniqueIdentifier>
    </Filter>
  </ItemGroup>
  <ItemGroup>
    <ClCompile Include="src\glad.c">
      <Filter>Source Files</Filter>
    </ClCompile>
    <ClCompile Include="src\main.cpp">
      <Filter>Source Files</Filter>
    </ClCompile>
    <ClCompile Include="src\stb.cpp">
      <Filter>Source Files</Filter>
    </ClCompile>
    <ClCompile Include="external\include\imgui\imgui.cpp">
      <Filter>imgui</Filter>
    </ClCompile>
    <ClCompile Include="external\include\imgui\imgui_demo.cpp">
      <Filter>imgui</Filter>
    </ClCompile>
    <ClCompile Include="external\include\imgui\imgui_draw.cpp">
      <Filter>imgui</Filter>
    </ClCompile>
    <ClCompile Include="external\include\imgui\imgui_impl_opengl3.cpp">
      <Filter>imgui</Filter>
    </ClCompile>
    <ClCompile Include="external\include\imgui\imgui_impl_sdl2.cpp">
      <Filter>imgui</Filter>
    </ClCompile>
    <ClCompile Include="external\include\imgui\imgui_tables.cpp">
      <Filter>imgui</Filter>
    </ClCompile>
    <ClCompile Include="external\include\imgui\imgui_widgets.cpp">
      <Filter>imgui</Filter>
    </ClCompile>
    <ClCompile Include="external\include\myHelper\cModel.cpp">
      <Filter>Source Files</Filter>
    </ClCompile>
    <ClCompile Include="external\include\myHelper\cMesh.cpp">
      <Filter>Source Files</Filter>
    </ClCompile>
    <ClCompile Include="external\include\myHelper\cPrimitive.cpp">
      <Filter>Source Files</Filter>
    </ClCompile>
    <ClCompile Include="external\include\myHelper\cMaterial.cpp">
      <Filter>Source Files</Filter>
    </ClCompile>
  </ItemGroup>
  <ItemGroup>
    <None Include="shaders\grassShader.frag">
      <Filter>shaders</Filter>
    </None>
    <None Include="shaders\grassShader.vert">
      <Filter>shaders</Filter>
    </None>
    <None Include="shaders\shader.frag">
      <Filter>shaders</Filter>
    </None>
    <None Include="shaders\shader.vert">
      <Filter>shaders</Filter>
    </None>
    <None Include="shaders\postShader.frag">
      <Filter>shaders</Filter>
    </None>
    <None Include="shaders\postShader.vert">
      <Filter>shaders</Filter>
    </None>
    <None Include="shaders\simpleShader.frag">
      <Filter>shaders</Filter>
    </None>
    <None Include="shaders\simpleShader.vert">
      <Filter>shaders</Filter>
    </None>
    <None Include="external\include\imgui\misc\debuggers\imgui.natstepfilter">
      <Filter>imgui</Filter>
    </None>
  </ItemGroup>
  <ItemGroup>
    <ClInclude Include="external\include\imgui\imconfig.h">
      <Filter>imgui</Filter>
    </ClInclude>
    <ClInclude Include="external\include\imgui\imgui.h">
      <Filter>imgui</Filter>
    </ClInclude>
    <ClInclude Include="external\include\imgui\imgui_impl_opengl3.h">
      <Filter>imgui</Filter>
    </ClInclude>
    <ClInclude Include="external\include\imgui\imgui_impl_opengl3_loader.h">
      <Filter>imgui</Filter>
    </ClInclude>
    <ClInclude Include="external\include\imgui\imgui_impl_sdl2.h">
      <Filter>imgui</Filter>
    </ClInclude>
    <ClInclude Include="external\include\imgui\imgui_internal.h">
      <Filter>imgui</Filter>
    </ClInclude>
    <ClInclude Include="external\include\imgui\imstb_rectpack.h">
      <Filter>imgui</Filter>
    </ClInclude>
    <ClInclude Include="external\include\imgui\imstb_textedit.h">
      <Filter>imgui</Filter>
    </ClInclude>
    <ClInclude Include="external\include\imgui\imstb_truetype.h">
      <Filter>imgui</Filter>
    </ClInclude>
    <ClInclude Include="external\include\myHelper\camera.h">
      <Filter>myHelper</Filter>
    </ClInclude>
    <ClInclude Include="external\include\myHelper\cMaterial.h">
      <Filter>myHelper</Filter>
    </ClInclude>
    <ClInclude Include="external\include\myHelper\cMesh.h">
      <Filter>myHelper</Filter>
    </ClInclude>
    <ClInclude Include="external\include\myHelper\cModel.h">
      <Filter>myHelper</Filter>
    </ClInclude>
    <ClInclude Include="external\include\myHelper\cPrimitive.h">
      <Filter>myHelper</Filter>
    </ClInclude>
    <ClInclude Include="external\include\myHelper\shader_s.h">
      <Filter>myHelper</Filter>
    </ClInclude>
  </ItemGroup>
  <ItemGroup>
    <Natvis Include="external\include\imgui\misc\debuggers\imgui.natvis">
      <Filter>imgui</Filter>
    </Natvis>
  </ItemGroup>
</Project>